
Microsoft Visual Studio Solution File, Format Version 12.00
# Visual Studio 15
VisualStudioVersion = 15.0.27130.0
MinimumVisualStudioVersion = 10.0.40219.1
Project("{FAE04EC0-301F-11D3-BF4B-00C04F79EFBC}") = "ps-90000", "ps-90000\ps-90000.csproj", "{3750D19C-F02F-417F-A148-98B4E2A55601}"
EndProject
Global
	GlobalSection(SolutionConfigurationPlatforms) = preSolution
		Debug|Any CPU = Debug|Any CPU
		Release|Any CPU = Release|Any CPU
	EndGlobalSection
	GlobalSection(ProjectConfigurationPlatforms) = postSolution
		{3750D19C-F02F-417F-A148-98B4E2A55601}.Debug|Any CPU.ActiveCfg = Debug|Any CPU
		{3750D19C-F02F-417F-A148-98B4E2A55601}.Debug|Any CPU.Build.0 = Debug|Any CPU
		{3750D19C-F02F-417F-A148-98B4E2A55601}.Release|Any CPU.ActiveCfg = Release|Any CPU
		{3750D19C-F02F-417F-A148-98B4E2A55601}.Release|Any CPU.Build.0 = Release|Any CPU
	EndGlobalSection
	GlobalSection(SolutionProperties) = preSolution
		HideSolutionNode = FALSE
	EndGlobalSection
	GlobalSection(ExtensibilityGlobals) = postSolution
		SolutionGuid = {E8A1A424-B1C2-4CBF-8742-4A6766F90D23}
	EndGlobalSection
EndGlobal
